{
    "_meta": {
        "hash": {
            "sha256": "4ccc962673947770ae1b2aacb60cfcd42972c56ab2caff176c6b01cf4314e72b"
        },
        "pipfile-spec": 6,
        "requires": {
            "python_version": "3.10"
        },
        "sources": [
            {
                "name": "pypi",
                "url": "https://pypi.python.org/simple",
                "verify_ssl": true
            }
        ]
    },
    "default": {
        "beautifulsoup4": {
            "hashes": [
                "sha256:492bbc69dca35d12daac71c4db1bfff0c876c00ef4a2ffacce226d4638eb72da",
                "sha256:bd2520ca0d9d7d12694a53d44ac482d181b4ec1888909b035a3dbf40d0f57d4a"
            ],
            "markers": "python_full_version >= '3.6.0'",
            "version": "==4.12.2"
        },
        "certifi": {
            "hashes": [
                "sha256:539cc1d13202e33ca466e88b2807e29f4c13049d6d87031a3c110744495cb082",
                "sha256:92d6037539857d8206b8f6ae472e8b77db8058fec5937a1ef3f54304089edbb9"
            ],
            "markers": "python_version >= '3.6'",
            "version": "==2023.7.22"
        },
        "charset-normalizer": {
            "hashes": [
                "sha256:06435b539f889b1f6f4ac1758871aae42dc3a8c0e24ac9e60c2384973ad73027",
                "sha256:06a81e93cd441c56a9b65d8e1d043daeb97a3d0856d177d5c90ba85acb3db087",
                "sha256:0a55554a2fa0d408816b3b5cedf0045f4b8e1a6065aec45849de2d6f3f8e9786",
                "sha256:0b2b64d2bb6d3fb9112bafa732def486049e63de9618b5843bcdd081d8144cd8",
                "sha256:10955842570876604d404661fbccbc9c7e684caf432c09c715ec38fbae45ae09",
                "sha256:122c7fa62b130ed55f8f285bfd56d5f4b4a5b503609d181f9ad85e55c89f4185",
                "sha256:1ceae2f17a9c33cb48e3263960dc5fc8005351ee19db217e9b1bb15d28c02574",
                "sha256:1d3193f4a680c64b4b6a9115943538edb896edc190f0b222e73761716519268e",
                "sha256:1f79682fbe303db92bc2b1136016a38a42e835d932bab5b3b1bfcfbf0640e519",
                "sha256:2127566c664442652f024c837091890cb1942c30937add288223dc895793f898",
                "sha256:22afcb9f253dac0696b5a4be4a1c0f8762f8239e21b99680099abd9b2b1b2269",
                "sha256:25baf083bf6f6b341f4121c2f3c548875ee6f5339300e08be3f2b2ba1721cdd3",
                "sha256:2e81c7b9c8979ce92ed306c249d46894776a909505d8f5a4ba55b14206e3222f",
                "sha256:3287761bc4ee9e33561a7e058c72ac0938c4f57fe49a09eae428fd88aafe7bb6",
                "sha256:34d1c8da1e78d2e001f363791c98a272bb734000fcef47a491c1e3b0505657a8",
                "sha256:37e55c8e51c236f95b033f6fb391d7d7970ba5fe7ff453dad675e88cf303377a",
                "sha256:3d47fa203a7bd9c5b6cee4736ee84ca03b8ef23193c0d1ca99b5089f72645c73",
                "sha256:3e4d1f6587322d2788836a99c69062fbb091331ec940e02d12d179c1d53e25fc",
                "sha256:42cb296636fcc8b0644486d15c12376cb9fa75443e00fb25de0b8602e64c1714",
                "sha256:45485e01ff4d3630ec0d9617310448a8702f70e9c01906b0d0118bdf9d124cf2",
                "sha256:4a78b2b446bd7c934f5dcedc588903fb2f5eec172f3d29e52a9096a43722adfc",
                "sha256:4ab2fe47fae9e0f9dee8c04187ce5d09f48eabe611be8259444906793ab7cbce",
                "sha256:4d0d1650369165a14e14e1e47b372cfcb31d6ab44e6e33cb2d4e57265290044d",
                "sha256:549a3a73da901d5bc3ce8d24e0600d1fa85524c10287f6004fbab87672bf3e1e",
                "sha256:55086ee1064215781fff39a1af09518bc9255b50d6333f2e4c74ca09fac6a8f6",
                "sha256:572c3763a264ba47b3cf708a44ce965d98555f618ca42c926a9c1616d8f34269",
                "sha256:573f6eac48f4769d667c4442081b1794f52919e7edada77495aaed9236d13a96",
                "sha256:5b4c145409bef602a690e7cfad0a15a55c13320ff7a3ad7ca59c13bb8ba4d45d",
                "sha256:6463effa3186ea09411d50efc7d85360b38d5f09b870c48e4600f63af490e56a",
                "sha256:65f6f63034100ead094b8744b3b97965785388f308a64cf8d7c34f2f2e5be0c4",
                "sha256:663946639d296df6a2bb2aa51b60a2454ca1cb29835324c640dafb5ff2131a77",
                "sha256:6897af51655e3691ff853668779c7bad41579facacf5fd7253b0133308cf000d",
                "sha256:68d1f8a9e9e37c1223b656399be5d6b448dea850bed7d0f87a8311f1ff3dabb0",
                "sha256:6ac7ffc7ad6d040517be39eb591cac5ff87416c2537df6ba3cba3bae290c0fed",
                "sha256:6b3251890fff30ee142c44144871185dbe13b11bab478a88887a639655be1068",
                "sha256:6c4caeef8fa63d06bd437cd4bdcf3ffefe6738fb1b25951440d80dc7df8c03ac",
                "sha256:6ef1d82a3af9d3eecdba2321dc1b3c238245d890843e040e41e470ffa64c3e25",
                "sha256:753f10e867343b4511128c6ed8c82f7bec3bd026875576dfd88483c5c73b2fd8",
                "sha256:7cd13a2e3ddeed6913a65e66e94b51d80a041145a026c27e6bb76c31a853c6ab",
                "sha256:7ed9e526742851e8d5cc9e6cf41427dfc6068d4f5a3bb03659444b4cabf6bc26",
                "sha256:7f04c839ed0b6b98b1a7501a002144b76c18fb1c1850c8b98d458ac269e26ed2",
                "sha256:802fe99cca7457642125a8a88a084cef28ff0cf9407060f7b93dca5aa25480db",
                "sha256:80402cd6ee291dcb72644d6eac93785fe2c8b9cb30893c1af5b8fdd753b9d40f",
                "sha256:8465322196c8b4d7ab6d1e049e4c5cb460d0394da4a27d23cc242fbf0034b6b5",
                "sha256:86216b5cee4b06df986d214f664305142d9c76df9b6512be2738aa72a2048f99",
                "sha256:87d1351268731db79e0f8e745d92493ee2841c974128ef629dc518b937d9194c",
                "sha256:8bdb58ff7ba23002a4c5808d608e4e6c687175724f54a5dade5fa8c67b604e4d",
                "sha256:8c622a5fe39a48f78944a87d4fb8a53ee07344641b0562c540d840748571b811",
                "sha256:8d756e44e94489e49571086ef83b2bb8ce311e730092d2c34ca8f7d925cb20aa",
                "sha256:8f4a014bc36d3c57402e2977dada34f9c12300af536839dc38c0beab8878f38a",
                "sha256:9063e24fdb1e498ab71cb7419e24622516c4a04476b17a2dab57e8baa30d6e03",
                "sha256:90d558489962fd4918143277a773316e56c72da56ec7aa3dc3dbbe20fdfed15b",
                "sha256:923c0c831b7cfcb071580d3f46c4baf50f174be571576556269530f4bbd79d04",
                "sha256:95f2a5796329323b8f0512e09dbb7a1860c46a39da62ecb2324f116fa8fdc85c",
                "sha256:96b02a3dc4381e5494fad39be677abcb5e6634bf7b4fa83a6dd3112607547001",
                "sha256:9f96df6923e21816da7e0ad3fd47dd8f94b2a5ce594e00677c0013018b813458",
                "sha256:a10af20b82360ab00827f916a6058451b723b4e65030c5a18577c8b2de5b3389",
                "sha256:a50aebfa173e157099939b17f18600f72f84eed3049e743b68ad15bd69b6bf99",
                "sha256:a981a536974bbc7a512cf44ed14938cf01030a99e9b3a06dd59578882f06f985",
                "sha256:a9a8e9031d613fd2009c182b69c7b2c1ef8239a0efb1df3f7c8da66d5dd3d537",
                "sha256:ae5f4161f18c61806f411a13b0310bea87f987c7d2ecdbdaad0e94eb2e404238",
                "sha256:aed38f6e4fb3f5d6bf81bfa990a07806be9d83cf7bacef998ab1a9bd660a581f",
                "sha256:b01b88d45a6fcb69667cd6d2f7a9aeb4bf53760d7fc536bf679ec94fe9f3ff3d",
                "sha256:b261ccdec7821281dade748d088bb6e9b69e6d15b30652b74cbbac25e280b796",
                "sha256:b2b0a0c0517616b6869869f8c581d4eb2dd83a4d79e0ebcb7d373ef9956aeb0a",
                "sha256:b4a23f61ce87adf89be746c8a8974fe1c823c891d8f86eb218bb957c924bb143",
                "sha256:bd8f7df7d12c2db9fab40bdd87a7c09b1530128315d047a086fa3ae3435cb3a8",
                "sha256:beb58fe5cdb101e3a055192ac291b7a21e3b7ef4f67fa1d74e331a7f2124341c",
                "sha256:c002b4ffc0be611f0d9da932eb0f704fe2602a9a949d1f738e4c34c75b0863d5",
                "sha256:c083af607d2515612056a31f0a8d9e0fcb5876b7bfc0abad3ecd275bc4ebc2d5",
                "sha256:c180f51afb394e165eafe4ac2936a14bee3eb10debc9d9e4db8958fe36afe711",
                "sha256:c235ebd9baae02f1b77bcea61bce332cb4331dc3617d254df3323aa01ab47bd4",
                "sha256:cd70574b12bb8a4d2aaa0094515df2463cb429d8536cfb6c7ce983246983e5a6",
                "sha256:d0eccceffcb53201b5bfebb52600a5fb483a20b61da9dbc885f8b103cbe7598c",
                "sha256:d965bba47ddeec8cd560687584e88cf699fd28f192ceb452d1d7ee807c5597b7",
                "sha256:db364eca23f876da6f9e16c9da0df51aa4f104a972735574842618b8c6d999d4",
                "sha256:ddbb2551d7e0102e7252db79ba445cdab71b26640817ab1e3e3648dad515003b",
                "sha256:deb6be0ac38ece9ba87dea880e438f25ca3eddfac8b002a2ec3d9183a454e8ae",
                "sha256:e06ed3eb3218bc64786f7db41917d4e686cc4856944f53d5bdf83a6884432e12",
                "sha256:e27ad930a842b4c5eb8ac0016b0a54f5aebbe679340c26101df33424142c143c",
                "sha256:e537484df0d8f426ce2afb2d0f8e1c3d0b114b83f8850e5f2fbea0e797bd82ae",
                "sha256:eb00ed941194665c332bf8e078baf037d6c35d7c4f3102ea2d4f16ca94a26dc8",
                "sha256:eb6904c354526e758fda7167b33005998fb68c46fbc10e013ca97f21ca5c8887",
                "sha256:eb8821e09e916165e160797a6c17edda0679379a4be5c716c260e836e122f54b",
                "sha256:efcb3f6676480691518c177e3b465bcddf57cea040302f9f4e6e191af91174d4",
                "sha256:f27273b60488abe721a075bcca6d7f3964f9f6f067c8c4c605743023d7d3944f",
                "sha256:f30c3cb33b24454a82faecaf01b19c18562b1e89558fb6c56de4d9118a032fd5",
                "sha256:fb69256e180cb6c8a894fee62b3afebae785babc1ee98b81cdf68bbca1987f33",
                "sha256:fd1abc0d89e30cc4e02e4064dc67fcc51bd941eb395c502aac3ec19fab46b519",
                "sha256:ff8fa367d09b717b2a17a052544193ad76cd49979c805768879cb63d9ca50561"
            ],
            "markers": "python_full_version >= '3.7.0'",
            "version": "==3.3.2"
        },
        "coverage": {
            "extras": [
                "toml"
            ],
            "hashes": [
                "sha256:004d1880bed2d97151facef49f08e255a20ceb6f9432df75f4eef018fdd5a78c",
                "sha256:01d84219b5cdbfc8122223b39a954820929497a1cb1422824bb86b07b74594b6",
                "sha256:040af6c32813fa3eae5305d53f18875bedd079960822ef8ec067a66dd8afcd45",
                "sha256:06191eb60f8d8a5bc046f3799f8a07a2d7aefb9504b0209aff0b47298333302a",
                "sha256:13034c4409db851670bc9acd836243aeee299949bd5673e11844befcb0149f03",
                "sha256:13c4ee887eca0f4c5a247b75398d4114c37882658300e153113dafb1d76de529",
                "sha256:184a47bbe0aa6400ed2d41d8e9ed868b8205046518c52464fde713ea06e3a74a",
                "sha256:18ba8bbede96a2c3dde7b868de9dcbd55670690af0988713f0603f037848418a",
                "sha256:1aa846f56c3d49205c952d8318e76ccc2ae23303351d9270ab220004c580cfe2",
                "sha256:217658ec7187497e3f3ebd901afdca1af062b42cfe3e0dafea4cced3983739f6",
                "sha256:24d4a7de75446be83244eabbff746d66b9240ae020ced65d060815fac3423759",
                "sha256:2910f4d36a6a9b4214bb7038d537f015346f413a975d57ca6b43bf23d6563b53",
                "sha256:2949cad1c5208b8298d5686d5a85b66aae46d73eec2c3e08c817dd3513e5848a",
                "sha256:2a3859cb82dcbda1cfd3e6f71c27081d18aa251d20a17d87d26d4cd216fb0af4",
                "sha256:2cafbbb3af0733db200c9b5f798d18953b1a304d3f86a938367de1567f4b5bff",
                "sha256:2e0d881ad471768bf6e6c2bf905d183543f10098e3b3640fc029509530091502",
                "sha256:30c77c1dc9f253283e34c27935fded5015f7d1abe83bc7821680ac444eaf7793",
                "sha256:3487286bc29a5aa4b93a072e9592f22254291ce96a9fbc5251f566b6b7343cdb",
                "sha256:372da284cfd642d8e08ef606917846fa2ee350f64994bebfbd3afb0040436905",
                "sha256:41179b8a845742d1eb60449bdb2992196e211341818565abded11cfa90efb821",
                "sha256:44d654437b8ddd9eee7d1eaee28b7219bec228520ff809af170488fd2fed3e2b",
                "sha256:4a7697d8cb0f27399b0e393c0b90f0f1e40c82023ea4d45d22bce7032a5d7b81",
                "sha256:51cb9476a3987c8967ebab3f0fe144819781fca264f57f89760037a2ea191cb0",
                "sha256:52596d3d0e8bdf3af43db3e9ba8dcdaac724ba7b5ca3f6358529d56f7a166f8b",
                "sha256:53194af30d5bad77fcba80e23a1441c71abfb3e01192034f8246e0d8f99528f3",
                "sha256:5fec2d43a2cc6965edc0bb9e83e1e4b557f76f843a77a2496cbe719583ce8184",
                "sha256:6c90e11318f0d3c436a42409f2749ee1a115cd8b067d7f14c148f1ce5574d701",
                "sha256:74d881fc777ebb11c63736622b60cb9e4aee5cace591ce274fb69e582a12a61a",
                "sha256:7501140f755b725495941b43347ba8a2777407fc7f250d4f5a7d2a1050ba8e82",
                "sha256:796c9c3c79747146ebd278dbe1e5c5c05dd6b10cc3bcb8389dfdf844f3ead638",
                "sha256:869a64f53488f40fa5b5b9dcb9e9b2962a66a87dab37790f3fcfb5144b996ef5",
                "sha256:8963a499849a1fc54b35b1c9f162f4108017b2e6db2c46c1bed93a72262ed083",
                "sha256:8d0a0725ad7c1a0bcd8d1b437e191107d457e2ec1084b9f190630a4fb1af78e6",
                "sha256:900fbf7759501bc7807fd6638c947d7a831fc9fdf742dc10f02956ff7220fa90",
                "sha256:92b017ce34b68a7d67bd6d117e6d443a9bf63a2ecf8567bb3d8c6c7bc5014465",
                "sha256:970284a88b99673ccb2e4e334cfb38a10aab7cd44f7457564d11898a74b62d0a",
                "sha256:972c85d205b51e30e59525694670de6a8a89691186012535f9d7dbaa230e42c3",
                "sha256:9a1ef3b66e38ef8618ce5fdc7bea3d9f45f3624e2a66295eea5e57966c85909e",
                "sha256:af0e781009aaf59e25c5a678122391cb0f345ac0ec272c7961dc5455e1c40066",
                "sha256:b6d534e4b2ab35c9f93f46229363e17f63c53ad01330df9f2d6bd1187e5eaacf",
                "sha256:b7895207b4c843c76a25ab8c1e866261bcfe27bfaa20c192de5190121770672b",
                "sha256:c0891a6a97b09c1f3e073a890514d5012eb256845c451bd48f7968ef939bf4ae",
                "sha256:c2723d347ab06e7ddad1a58b2a821218239249a9e4365eaff6649d31180c1669",
                "sha256:d1f8bf7b90ba55699b3a5e44930e93ff0189aa27186e96071fac7dd0d06a1873",
                "sha256:d1f9ce122f83b2305592c11d64f181b87153fc2c2bbd3bb4a3dde8303cfb1a6b",
                "sha256:d314ed732c25d29775e84a960c3c60808b682c08d86602ec2c3008e1202e3bb6",
                "sha256:d636598c8305e1f90b439dbf4f66437de4a5e3c31fdf47ad29542478c8508bbb",
                "sha256:deee1077aae10d8fa88cb02c845cfba9b62c55e1183f52f6ae6a2df6a2187160",
                "sha256:ebe78fe9a0e874362175b02371bdfbee64d8edc42a044253ddf4ee7d3c15212c",
                "sha256:f030f8873312a16414c0d8e1a1ddff2d3235655a2174e3648b4fa66b3f2f1079",
                "sha256:f0b278ce10936db1a37e6954e15a3730bea96a0997c26d7fee88e6c396c2086d",
                "sha256:f11642dddbb0253cc8853254301b51390ba0081750a8ac03f20ea8103f0c56b6"
            ],
            "markers": "python_version >= '2.7' and python_version not in '3.0, 3.1, 3.2, 3.3, 3.4' and python_version < '4'",
            "version": "==5.5"
        },
        "deprecation": {
            "hashes": [
                "sha256:72b3bde64e5d778694b0cf68178aed03d15e15477116add3fb773e581f9518ff",
                "sha256:a10811591210e1fb0e768a8c25517cabeabcba6f0bf96564f8ff45189f90b14a"
            ],
            "version": "==2.1.0"
        },
        "eyed3": {
            "hashes": [
                "sha256:145797c36ce0085df1efcd3379b15224f4c8996f79d3575ceaab6dc95d834282",
                "sha256:93b18e9393376a45114f9409d7cca119fb6f4f9a37d4b697b500af48b4c5cf0f"
            ],
            "index": "pypi",
            "version": "==0.9.7"
        },
        "ffmpeg": {
            "hashes": [
                "sha256:6931692c890ff21d39938433c2189747815dca0c60ddc7f9bb97f199dba0b5b9"
            ],
            "index": "pypi",
            "version": "==1.4"
        },
        "filetype": {
            "hashes": [
                "sha256:66b56cd6474bf41d8c54660347d37afcc3f7d1970648de365c102ef77548aadb",
                "sha256:7ce71b6880181241cf7ac8697a2f1eb6a8bd9b429f7ad6d27b8db9ba5f1c2d25"
            ],
            "version": "==1.2.0"
        },
        "googlesearch-python": {
            "hashes": [
                "sha256:38b251121dd140439bd08cdf2a05a0b195d852908ee2bfed30e57d16aa68ae5e"
            ],
            "index": "pypi",
            "version": "==1.2.3"
        },
        "idna": {
            "hashes": [
                "sha256:814f528e8dead7d329833b91c5faa87d60bf71824cd12a7530b5526063d02cb4",
                "sha256:90b77e79eaa3eba6de819a0c442c0b4ceefc341a7a2ab77d7562bf49f425c5c2"
            ],
            "markers": "python_version >= '3.5'",
            "version": "==3.4"
        },
        "mp3-tagger": {
            "hashes": [
                "sha256:05cbe93f5cb7c71ff920b4923120e95a898f27d0a6b20d55365041b5b81c49c3"
            ],
            "index": "pypi",
            "version": "==1.0"
        },
        "music-tag": {
            "hashes": [
                "sha256:0aab6e6eeda8df0f5316ec2d2190bd74561b7e03562ab091ce8d5687cdbcfff6"
            ],
            "index": "pypi",
            "version": "==0.4.3"
        },
        "mutagen": {
            "hashes": [
                "sha256:719fadef0a978c31b4cf3c956261b3c58b6948b32023078a2117b1de09f0fc99",
                "sha256:edd96f50c5907a9539d8e5bba7245f62c9f520aef333d13392a79a4f70aca719"
            ],
            "markers": "python_version >= '3.7'",
            "version": "==1.47.0"
        },
        "packaging": {
            "hashes": [
                "sha256:048fb0e9405036518eaaf48a55953c750c11e1a1b68e0dd1a9d62ed0c092cfc5",
                "sha256:8c491190033a9af7e1d931d0b5dacc2ef47509b34dd0de67ed209b5203fc88c7"
            ],
            "markers": "python_version >= '3.7'",
            "version": "==23.2"
        },
        "psutil": {
            "hashes": [
                "sha256:10e8c17b4f898d64b121149afb136c53ea8b68c7531155147867b7b1ac9e7e28",
                "sha256:18cd22c5db486f33998f37e2bb054cc62fd06646995285e02a51b1e08da97017",
                "sha256:3ebf2158c16cc69db777e3c7decb3c0f43a7af94a60d72e87b2823aebac3d602",
                "sha256:51dc3d54607c73148f63732c727856f5febec1c7c336f8f41fcbd6315cce76ac",
                "sha256:6e5fb8dc711a514da83098bc5234264e551ad980cec5f85dabf4d38ed6f15e9a",
                "sha256:70cb3beb98bc3fd5ac9ac617a327af7e7f826373ee64c80efd4eb2856e5051e9",
                "sha256:748c9dd2583ed86347ed65d0035f45fa8c851e8d90354c122ab72319b5f366f4",
                "sha256:91ecd2d9c00db9817a4b4192107cf6954addb5d9d67a969a4f436dbc9200f88c",
                "sha256:92e0cc43c524834af53e9d3369245e6cc3b130e78e26100d1f63cdb0abeb3d3c",
                "sha256:a6f01f03bf1843280f4ad16f4bde26b817847b4c1a0db59bf6419807bc5ce05c",
                "sha256:c69596f9fc2f8acd574a12d5f8b7b1ba3765a641ea5d60fb4736bf3c08a8214a",
                "sha256:ca2780f5e038379e520281e4c032dddd086906ddff9ef0d1b9dcf00710e5071c",
                "sha256:daecbcbd29b289aac14ece28eca6a3e60aa361754cf6da3dfb20d4d32b6c7f57",
                "sha256:e4b92ddcd7dd4cdd3f900180ea1e104932c7bce234fb88976e2a3b296441225a",
                "sha256:fb8a697f11b0f5994550555fcfe3e69799e5b060c8ecf9e2f75c69302cc35c0d",
                "sha256:ff18b8d1a784b810df0b0fff3bcb50ab941c3b8e2c8de5726f9c71c601c611aa"
            ],
            "index": "pypi",
            "version": "==5.9.6"
        },
        "pydub": {
            "hashes": [
                "sha256:65617e33033874b59d87db603aa1ed450633288aefead953b30bded59cb599a6",
                "sha256:980a33ce9949cab2a569606b65674d748ecbca4f0796887fd6f46173a7b0d30f"
            ],
            "index": "pypi",
            "version": "==0.25.1"
        },
        "requests": {
            "hashes": [
                "sha256:58cd2187c01e70e6e26505bca751777aa9f2ee0b7f4300988b709f44e013003f",
                "sha256:942c5a758f98d790eaed1a29cb6eefc7ffb0d1cf7af05c3d2791656dbd6ad1e1"
            ],
            "index": "pypi",
            "version": "==2.31.0"
        },
        "setuptools": {
            "hashes": [
                "sha256:4ac1475276d2f1c48684874089fefcd83bd7162ddaafb81fac866ba0db282a87",
                "sha256:b454a35605876da60632df1a60f736524eb73cc47bbc9f3f1ef1b644de74fd2a"
            ],
            "index": "pypi",
            "version": "==68.2.2"
        },
        "soupsieve": {
            "hashes": [
                "sha256:5663d5a7b3bfaeee0bc4372e7fc48f9cff4940b3eec54a6451cc5299f1097690",
                "sha256:eaa337ff55a1579b6549dc679565eac1e3d000563bcb1c8ab0d0fefbc0c2cdc7"
            ],
            "markers": "python_version >= '3.8'",
            "version": "==2.5"
        },
        "stagger": {
            "hashes": [
                "sha256:a587189ac654dfda469bce753732e534494f009895183ac52ad71b3af20920bc"
            ],
            "index": "pypi",
            "version": "==1.0.0"
        },
        "toml": {
            "hashes": [
                "sha256:806143ae5bfb6a3c6e736a764057db0e6a0e05e338b5630894a5f779cabb4f9b",
                "sha256:b3bda1d108d5dd99f4a20d24d9c348e91c4db7ab1b749200bded2f839ccbe68f"
            ],
            "version": "==0.10.2"
        },
        "tqdm": {
            "hashes": [
                "sha256:d302b3c5b53d47bce91fea46679d9c3c6508cf6332229aa1e7d8653723793386",
                "sha256:d88e651f9db8d8551a62556d3cff9e3034274ca5d66e93197cf2490e2dcb69c7"
            ],
            "index": "pypi",
            "version": "==4.66.1"
        },
        "urllib3": {
            "hashes": [
                "sha256:c97dfde1f7bd43a71c8d2a58e369e9b2bf692d1334ea9f9cae55add7d0dd0f84",
                "sha256:fdb6d215c776278489906c2f8916e6e7d4f5a9b602ccbcfdf7f016fc8da0596e"
            ],
            "markers": "python_version >= '3.7'",
            "version": "==2.0.7"
        },
        "youtube-dl": {
            "hashes": [
                "sha256:bc59e86c5d15d887ac590454511f08ce2c47698d5a82c27bfe27b5d814bbaed2",
                "sha256:f1336d5de68647e0364a47b3c0712578e59ec76f02048ff5c50ef1c69d79cd55"
            ],
            "index": "pypi",
            "version": "==2021.12.17"
        }
    },
    "develop": {}
}
